{
  "name": "js-modules",
  "version": "1.0.0",
  "lockfileVersion": 1,
  "requires": true,
  "dependencies": {
    "ibm-pune-greet": {
      "version": "1.0.0",
      "resolved": "https://registry.npmjs.org/ibm-pune-greet/-/ibm-pune-greet-1.0.0.tgz",
      "integrity": "sha512-Qy1HuUTEKo0euK9n88rz1sJEI4sNMlrnzCMxsqETo7WQolouGPqthAiYBAXMxT7l6ZU732oOhrpSuqZ54STrCA=="
    }
  }
}
